// !$*UTF8*$!
{
	archiveVersion = 1;
	classes = {
	};
	objectVersion = 46;
	objects = {

/* Begin PBXBuildFile section */
		8414925C1EF004CA007133D0 /* City+CoreDataClass.swift in Sources */ = {isa = PBXBuildFile; fileRef = 8414925A1EF004CA007133D0 /* City+CoreDataClass.swift */; };
		8414925D1EF004CA007133D0 /* City+CoreDataProperties.swift in Sources */ = {isa = PBXBuildFile; fileRef = 8414925B1EF004CA007133D0 /* City+CoreDataProperties.swift */; };
		841492681EF005D6007133D0 /* State+CoreDataClass.swift in Sources */ = {isa = PBXBuildFile; fileRef = 841492661EF005D6007133D0 /* State+CoreDataClass.swift */; };
		841492691EF005D6007133D0 /* State+CoreDataProperties.swift in Sources */ = {isa = PBXBuildFile; fileRef = 841492671EF005D6007133D0 /* State+CoreDataProperties.swift */; };
		8414926C1EF0060D007133D0 /* User+CoreDataClass.swift in Sources */ = {isa = PBXBuildFile; fileRef = 8414926A1EF0060D007133D0 /* User+CoreDataClass.swift */; };
		8414926D1EF0060D007133D0 /* User+CoreDataProperties.swift in Sources */ = {isa = PBXBuildFile; fileRef = 8414926B1EF0060D007133D0 /* User+CoreDataProperties.swift */; };
		841492701EF00639007133D0 /* VertcalDomains+CoreDataClass.swift in Sources */ = {isa = PBXBuildFile; fileRef = 8414926E1EF00639007133D0 /* VertcalDomains+CoreDataClass.swift */; };
		841492711EF00639007133D0 /* VertcalDomains+CoreDataProperties.swift in Sources */ = {isa = PBXBuildFile; fileRef = 8414926F1EF00639007133D0 /* VertcalDomains+CoreDataProperties.swift */; };
		841C71AB1ECC5C0300C3111F /* HomeViewController.swift in Sources */ = {isa = PBXBuildFile; fileRef = 841C71AA1ECC5C0300C3111F /* HomeViewController.swift */; };
		84239B941EC476C60076EF33 /* SWRevealViewController.m in Sources */ = {isa = PBXBuildFile; fileRef = 84239B931EC476C60076EF33 /* SWRevealViewController.m */; };
		8424ECDF1EF0FEED00E68B3D /* MBProgressHUD.m in Sources */ = {isa = PBXBuildFile; fileRef = 8424ECDE1EF0FEED00E68B3D /* MBProgressHUD.m */; };
		8424ED1E1EF14C6000E68B3D /* TextField.swift in Sources */ = {isa = PBXBuildFile; fileRef = 8424ED1D1EF14C6000E68B3D /* TextField.swift */; };
		8424ED201EF14C8800E68B3D /* SearchTextField.swift in Sources */ = {isa = PBXBuildFile; fileRef = 8424ED1F1EF14C8800E68B3D /* SearchTextField.swift */; };
		842B32F81EDD7A97000088D1 /* SettingsViewController.swift in Sources */ = {isa = PBXBuildFile; fileRef = 842B32F71EDD7A97000088D1 /* SettingsViewController.swift */; };
		842B32FA1EDD8F62000088D1 /* UploadVideoViewController.swift in Sources */ = {isa = PBXBuildFile; fileRef = 842B32F91EDD8F62000088D1 /* UploadVideoViewController.swift */; };
		842B32FC1EDDAE2B000088D1 /* ReferFriendViewController.swift in Sources */ = {isa = PBXBuildFile; fileRef = 842B32FB1EDDAE2B000088D1 /* ReferFriendViewController.swift */; };
		842B32FE1EDDB224000088D1 /* Social.framework in Frameworks */ = {isa = PBXBuildFile; fileRef = 842B32FD1EDDB224000088D1 /* Social.framework */; };
		842BAFC81EF2A27C005327B0 /* HorizontalDomains+CoreDataClass.swift in Sources */ = {isa = PBXBuildFile; fileRef = 842BAFC61EF2A27C005327B0 /* HorizontalDomains+CoreDataClass.swift */; };
		842BAFC91EF2A27C005327B0 /* HorizontalDomains+CoreDataProperties.swift in Sources */ = {isa = PBXBuildFile; fileRef = 842BAFC71EF2A27C005327B0 /* HorizontalDomains+CoreDataProperties.swift */; };
		842BAFCC1EF2A368005327B0 /* Roles+CoreDataClass.swift in Sources */ = {isa = PBXBuildFile; fileRef = 842BAFCA1EF2A368005327B0 /* Roles+CoreDataClass.swift */; };
		842BAFCD1EF2A368005327B0 /* Roles+CoreDataProperties.swift in Sources */ = {isa = PBXBuildFile; fileRef = 842BAFCB1EF2A368005327B0 /* Roles+CoreDataProperties.swift */; };
		8431B5C21EEFE2A80015C7E1 /* CoreDataDemo.xcdatamodeld in Sources */ = {isa = PBXBuildFile; fileRef = 8431B5C01EEFE2A80015C7E1 /* CoreDataDemo.xcdatamodeld */; };
		843425C41EE7D80500282419 /* UserNotifications.framework in Frameworks */ = {isa = PBXBuildFile; fileRef = 843425C31EE7D80400282419 /* UserNotifications.framework */; };
		843425C81EE7ED5F00282419 /* GoogleService-Info.plist in Resources */ = {isa = PBXBuildFile; fileRef = 843425C71EE7ED5F00282419 /* GoogleService-Info.plist */; };
		8439DFD71F038C5400F21C79 /* PlayVideoViewController.swift in Sources */ = {isa = PBXBuildFile; fileRef = 8439DFD61F038C5400F21C79 /* PlayVideoViewController.swift */; };
		8439E04E1EC5F3C000FC2A12 /* LoginViewController.swift in Sources */ = {isa = PBXBuildFile; fileRef = 8439E04D1EC5F3C000FC2A12 /* LoginViewController.swift */; };
		843A6AB91EE1824C00D86591 /* linkedin-sdk.framework in Frameworks */ = {isa = PBXBuildFile; fileRef = 843A6AB81EE1824C00D86591 /* linkedin-sdk.framework */; };
		8440DF701ED706CB0003F05B /* MenuViewViewController.swift in Sources */ = {isa = PBXBuildFile; fileRef = 8440DF6F1ED706CB0003F05B /* MenuViewViewController.swift */; };
		844387B61ED41FF0002E71D6 /* RegistrationViewController.swift in Sources */ = {isa = PBXBuildFile; fileRef = 844387B51ED41FF0002E71D6 /* RegistrationViewController.swift */; };
		844387B81ED46D2D002E71D6 /* Registration1ViewController.swift in Sources */ = {isa = PBXBuildFile; fileRef = 844387B71ED46D2D002E71D6 /* Registration1ViewController.swift */; };
		8449B6091EE578EB0072A8DD /* CoreDataManager.swift in Sources */ = {isa = PBXBuildFile; fileRef = 8449B6051EE578EB0072A8DD /* CoreDataManager.swift */; };
		844E5B001EEE59D600E69646 /* SessionManager.swift in Sources */ = {isa = PBXBuildFile; fileRef = 844E5AFF1EEE59D600E69646 /* SessionManager.swift */; };
		844E5B2A1EEED4CF00E69646 /* LinkedInLoginViewController.swift in Sources */ = {isa = PBXBuildFile; fileRef = 844E5B291EEED4CF00E69646 /* LinkedInLoginViewController.swift */; };
		844F5F2D1EDBF0B20073A7D7 /* EditProfileViewController.swift in Sources */ = {isa = PBXBuildFile; fileRef = 844F5F2C1EDBF0B20073A7D7 /* EditProfileViewController.swift */; };
		844F5F2F1EDC23A20073A7D7 /* NotificationJobsViewController.swift in Sources */ = {isa = PBXBuildFile; fileRef = 844F5F2E1EDC23A20073A7D7 /* NotificationJobsViewController.swift */; };
		844F5F311EDC2A160073A7D7 /* SavedJobsViewController.swift in Sources */ = {isa = PBXBuildFile; fileRef = 844F5F301EDC2A160073A7D7 /* SavedJobsViewController.swift */; };
		844F5F331EDC34B20073A7D7 /* AppliedJobsViewController.swift in Sources */ = {isa = PBXBuildFile; fileRef = 844F5F321EDC34B20073A7D7 /* AppliedJobsViewController.swift */; };
		844F5F351EDC3BA10073A7D7 /* UploadResumeViewController.swift in Sources */ = {isa = PBXBuildFile; fileRef = 844F5F341EDC3BA10073A7D7 /* UploadResumeViewController.swift */; };
		844F5F371EDC48640073A7D7 /* LocationViewController.swift in Sources */ = {isa = PBXBuildFile; fileRef = 844F5F361EDC48640073A7D7 /* LocationViewController.swift */; };
		8450ACCD1ED5B5EF001D57E1 /* AdditionalInfoViewController.swift in Sources */ = {isa = PBXBuildFile; fileRef = 8450ACCC1ED5B5EF001D57E1 /* AdditionalInfoViewController.swift */; };
		8451F62A1EDEE39100B1DEDF /* AVFoundation.framework in Frameworks */ = {isa = PBXBuildFile; fileRef = 8451F6291EDEE39100B1DEDF /* AVFoundation.framework */; };
		8453BDF01EE96F6400C9B956 /* Auth0.plist in Resources */ = {isa = PBXBuildFile; fileRef = 8453BDEF1EE96F6300C9B956 /* Auth0.plist */; };
		8467DEE11EEA68E300974A3D /* HybridAuth.swift in Sources */ = {isa = PBXBuildFile; fileRef = 8467DEE01EEA68E300974A3D /* HybridAuth.swift */; };
		8477F6441EF92905007AEBAC /* investHR.sqlite in Resources */ = {isa = PBXBuildFile; fileRef = 8477F6411EF92905007AEBAC /* investHR.sqlite */; };
		8477F6451EF92905007AEBAC /* investHR.sqlite-shm in Resources */ = {isa = PBXBuildFile; fileRef = 8477F6421EF92905007AEBAC /* investHR.sqlite-shm */; };
		8477F6461EF92905007AEBAC /* investHR.sqlite-wal in Resources */ = {isa = PBXBuildFile; fileRef = 8477F6431EF92905007AEBAC /* investHR.sqlite-wal */; };
		8493B8311EC4678200D8F7F9 /* AppDelegate.swift in Sources */ = {isa = PBXBuildFile; fileRef = 8493B8301EC4678200D8F7F9 /* AppDelegate.swift */; };
		8493B8361EC4678200D8F7F9 /* Main.storyboard in Resources */ = {isa = PBXBuildFile; fileRef = 8493B8341EC4678200D8F7F9 /* Main.storyboard */; };
		8493B83B1EC4678200D8F7F9 /* Assets.xcassets in Resources */ = {isa = PBXBuildFile; fileRef = 8493B83A1EC4678200D8F7F9 /* Assets.xcassets */; };
		8493B83E1EC4678200D8F7F9 /* LaunchScreen.storyboard in Resources */ = {isa = PBXBuildFile; fileRef = 8493B83C1EC4678200D8F7F9 /* LaunchScreen.storyboard */; };
		8493B8491EC4678300D8F7F9 /* investHRTests.swift in Sources */ = {isa = PBXBuildFile; fileRef = 8493B8481EC4678300D8F7F9 /* investHRTests.swift */; };
		8493B8541EC4678300D8F7F9 /* investHRUITests.swift in Sources */ = {isa = PBXBuildFile; fileRef = 8493B8531EC4678300D8F7F9 /* investHRUITests.swift */; };
		84AD18391EF000140049675A /* investHR.xcdatamodeld in Sources */ = {isa = PBXBuildFile; fileRef = 84AD18371EF000140049675A /* investHR.xcdatamodeld */; };
		84AD183A1EF000DE0049675A /* investHR.xcdatamodeld in Resources */ = {isa = PBXBuildFile; fileRef = 84AD18371EF000140049675A /* investHR.xcdatamodeld */; };
		84DAD40F1ED7F5440008BB09 /* VerticalViewController.swift in Sources */ = {isa = PBXBuildFile; fileRef = 84DAD40E1ED7F5440008BB09 /* VerticalViewController.swift */; };
		84DAD4111ED822200008BB09 /* JobsViewController.swift in Sources */ = {isa = PBXBuildFile; fileRef = 84DAD4101ED822200008BB09 /* JobsViewController.swift */; };
		84EB8F3D1EDFE90B00014DA4 /* APIManager.swift in Sources */ = {isa = PBXBuildFile; fileRef = 84EB8F3B1EDFE90B00014DA4 /* APIManager.swift */; };
		84EB8F3E1EDFE90B00014DA4 /* DownloadMetaDataJob.swift in Sources */ = {isa = PBXBuildFile; fileRef = 84EB8F3C1EDFE90B00014DA4 /* DownloadMetaDataJob.swift */; };
		84EB8F431EDFEB8600014DA4 /* Constant.swift in Sources */ = {isa = PBXBuildFile; fileRef = 84EB8F421EDFEB8600014DA4 /* Constant.swift */; };
		84EB8F451EDFFCC900014DA4 /* AppPreferences.swift in Sources */ = {isa = PBXBuildFile; fileRef = 84EB8F441EDFFCC900014DA4 /* AppPreferences.swift */; };
		84EB8F481EE03D6600014DA4 /* Reachability.swift in Sources */ = {isa = PBXBuildFile; fileRef = 84EB8F471EE03D6600014DA4 /* Reachability.swift */; };
		84F690F11EFB87410000B768 /* FTPImageUpload.swift in Sources */ = {isa = PBXBuildFile; fileRef = 84F690F01EFB87410000B768 /* FTPImageUpload.swift */; };
		84F690F31EFB8EBB0000B768 /* DateExtension.swift in Sources */ = {isa = PBXBuildFile; fileRef = 84F690F21EFB8EBB0000B768 /* DateExtension.swift */; };
		84F690F61EFBE4220000B768 /* AppliedJobs+CoreDataClass.swift in Sources */ = {isa = PBXBuildFile; fileRef = 84F690F41EFBE4220000B768 /* AppliedJobs+CoreDataClass.swift */; };
		84F690F71EFBE4220000B768 /* AppliedJobs+CoreDataProperties.swift in Sources */ = {isa = PBXBuildFile; fileRef = 84F690F51EFBE4220000B768 /* AppliedJobs+CoreDataProperties.swift */; };
		84F690FA1EFBE45D0000B768 /* SavedJobs+CoreDataClass.swift in Sources */ = {isa = PBXBuildFile; fileRef = 84F690F81EFBE45D0000B768 /* SavedJobs+CoreDataClass.swift */; };
		84F690FB1EFBE45D0000B768 /* SavedJobs+CoreDataProperties.swift in Sources */ = {isa = PBXBuildFile; fileRef = 84F690F91EFBE45D0000B768 /* SavedJobs+CoreDataProperties.swift */; };
		84F690FF1EFC11D30000B768 /* NewJobsViewController.swift in Sources */ = {isa = PBXBuildFile; fileRef = 84F690FE1EFC11D30000B768 /* NewJobsViewController.swift */; };
		BD7B2F45DBC9DE328FC4F1DC /* Pods_investHR.framework in Frameworks */ = {isa = PBXBuildFile; fileRef = FCD0E64D8DDF1F4E0360E6EB /* Pods_investHR.framework */; };
		E174B35D143E3B30CB4E479B /* Pods_investHRUITests.framework in Frameworks */ = {isa = PBXBuildFile; fileRef = D9CF5180517057B4C05D18CF /* Pods_investHRUITests.framework */; };
		FE7DA76949B0D82B0FD61BD3 /* Pods_investHRTests.framework in Frameworks */ = {isa = PBXBuildFile; fileRef = 8F373153BB0521F279CA83EB /* Pods_investHRTests.framework */; };
/* End PBXBuildFile section */

/* Begin PBXContainerItemProxy section */
		8493B8451EC4678300D8F7F9 /* PBXContainerItemProxy */ = {
			isa = PBXContainerItemProxy;
			containerPortal = 8493B8251EC4678200D8F7F9 /* Project object */;
			proxyType = 1;
			remoteGlobalIDString = 8493B82C1EC4678200D8F7F9;
			remoteInfo = investHR;
		};
		8493B8501EC4678300D8F7F9 /* PBXContainerItemProxy */ = {
			isa = PBXContainerItemProxy;
			containerPortal = 8493B8251EC4678200D8F7F9 /* Project object */;
			proxyType = 1;
			remoteGlobalIDString = 8493B82C1EC4678200D8F7F9;
			remoteInfo = investHR;
		};
/* End PBXContainerItemProxy section */

/* Begin PBXFileReference section */
		090579246A9D10601667A174 /* Pods-investHRTests.debug.xcconfig */ = {isa = PBXFileReference; includeInIndex = 1; lastKnownFileType = text.xcconfig; name = "Pods-investHRTests.debug.xcconfig"; path = "Pods/Target Support Files/Pods-investHRTests/Pods-investHRTests.debug.xcconfig"; sourceTree = "<group>"; };
		33A1F246F586B35A47C60808 /* Pods-investHRUITests.release.xcconfig */ = {isa = PBXFileReference; includeInIndex = 1; lastKnownFileType = text.xcconfig; name = "Pods-investHRUITests.release.xcconfig"; path = "Pods/Target Support Files/Pods-investHRUITests/Pods-investHRUITests.release.xcconfig"; sourceTree = "<group>"; };
		7EB4DA99D60A83D450E70BF7 /* Pods-investHRUITests.debug.xcconfig */ = {isa = PBXFileReference; includeInIndex = 1; lastKnownFileType = text.xcconfig; name = "Pods-investHRUITests.debug.xcconfig"; path = "Pods/Target Support Files/Pods-investHRUITests/Pods-investHRUITests.debug.xcconfig"; sourceTree = "<group>"; };
		8414925A1EF004CA007133D0 /* City+CoreDataClass.swift */ = {isa = PBXFileReference; fileEncoding = 4; lastKnownFileType = sourcecode.swift; path = "City+CoreDataClass.swift"; sourceTree = "<group>"; };
		8414925B1EF004CA007133D0 /* City+CoreDataProperties.swift */ = {isa = PBXFileReference; fileEncoding = 4; lastKnownFileType = sourcecode.swift; path = "City+CoreDataProperties.swift"; sourceTree = "<group>"; };
		841492661EF005D6007133D0 /* State+CoreDataClass.swift */ = {isa = PBXFileReference; fileEncoding = 4; lastKnownFileType = sourcecode.swift; path = "State+CoreDataClass.swift"; sourceTree = "<group>"; };
		841492671EF005D6007133D0 /* State+CoreDataProperties.swift */ = {isa = PBXFileReference; fileEncoding = 4; lastKnownFileType = sourcecode.swift; path = "State+CoreDataProperties.swift"; sourceTree = "<group>"; };
		8414926A1EF0060D007133D0 /* User+CoreDataClass.swift */ = {isa = PBXFileReference; fileEncoding = 4; lastKnownFileType = sourcecode.swift; path = "User+CoreDataClass.swift"; sourceTree = "<group>"; };
		8414926B1EF0060D007133D0 /* User+CoreDataProperties.swift */ = {isa = PBXFileReference; fileEncoding = 4; lastKnownFileType = sourcecode.swift; path = "User+CoreDataProperties.swift"; sourceTree = "<group>"; };
		8414926E1EF00639007133D0 /* VertcalDomains+CoreDataClass.swift */ = {isa = PBXFileReference; fileEncoding = 4; lastKnownFileType = sourcecode.swift; path = "VertcalDomains+CoreDataClass.swift"; sourceTree = "<group>"; };
		8414926F1EF00639007133D0 /* VertcalDomains+CoreDataProperties.swift */ = {isa = PBXFileReference; fileEncoding = 4; lastKnownFileType = sourcecode.swift; path = "VertcalDomains+CoreDataProperties.swift"; sourceTree = "<group>"; };
		841C71AA1ECC5C0300C3111F /* HomeViewController.swift */ = {isa = PBXFileReference; fileEncoding = 4; lastKnownFileType = sourcecode.swift; path = HomeViewController.swift; sourceTree = "<group>"; };
		84239B821EC475200076EF33 /* investHR-Bridging-Header.h */ = {isa = PBXFileReference; lastKnownFileType = sourcecode.c.h; path = "investHR-Bridging-Header.h"; sourceTree = "<group>"; };
		84239B921EC476C60076EF33 /* SWRevealViewController.h */ = {isa = PBXFileReference; fileEncoding = 4; lastKnownFileType = sourcecode.c.h; path = SWRevealViewController.h; sourceTree = "<group>"; };
		84239B931EC476C60076EF33 /* SWRevealViewController.m */ = {isa = PBXFileReference; fileEncoding = 4; lastKnownFileType = sourcecode.c.objc; path = SWRevealViewController.m; sourceTree = "<group>"; };
		8424ECDD1EF0FEED00E68B3D /* MBProgressHUD.h */ = {isa = PBXFileReference; fileEncoding = 4; lastKnownFileType = sourcecode.c.h; path = MBProgressHUD.h; sourceTree = "<group>"; };
		8424ECDE1EF0FEED00E68B3D /* MBProgressHUD.m */ = {isa = PBXFileReference; fileEncoding = 4; lastKnownFileType = sourcecode.c.objc; path = MBProgressHUD.m; sourceTree = "<group>"; };
		8424ED1D1EF14C6000E68B3D /* TextField.swift */ = {isa = PBXFileReference; fileEncoding = 4; lastKnownFileType = sourcecode.swift; path = TextField.swift; sourceTree = "<group>"; };
		8424ED1F1EF14C8800E68B3D /* SearchTextField.swift */ = {isa = PBXFileReference; fileEncoding = 4; lastKnownFileType = sourcecode.swift; path = SearchTextField.swift; sourceTree = "<group>"; };
		842B32F71EDD7A97000088D1 /* SettingsViewController.swift */ = {isa = PBXFileReference; fileEncoding = 4; lastKnownFileType = sourcecode.swift; path = SettingsViewController.swift; sourceTree = "<group>"; };
		842B32F91EDD8F62000088D1 /* UploadVideoViewController.swift */ = {isa = PBXFileReference; fileEncoding = 4; lastKnownFileType = sourcecode.swift; path = UploadVideoViewController.swift; sourceTree = "<group>"; };
		842B32FB1EDDAE2B000088D1 /* ReferFriendViewController.swift */ = {isa = PBXFileReference; fileEncoding = 4; lastKnownFileType = sourcecode.swift; path = ReferFriendViewController.swift; sourceTree = "<group>"; };
		842B32FD1EDDB224000088D1 /* Social.framework */ = {isa = PBXFileReference; lastKnownFileType = wrapper.framework; name = Social.framework; path = System/Library/Frameworks/Social.framework; sourceTree = SDKROOT; };
		842BAFC61EF2A27C005327B0 /* HorizontalDomains+CoreDataClass.swift */ = {isa = PBXFileReference; fileEncoding = 4; lastKnownFileType = sourcecode.swift; path = "HorizontalDomains+CoreDataClass.swift"; sourceTree = "<group>"; };
		842BAFC71EF2A27C005327B0 /* HorizontalDomains+CoreDataProperties.swift */ = {isa = PBXFileReference; fileEncoding = 4; lastKnownFileType = sourcecode.swift; path = "HorizontalDomains+CoreDataProperties.swift"; sourceTree = "<group>"; };
		842BAFCA1EF2A368005327B0 /* Roles+CoreDataClass.swift */ = {isa = PBXFileReference; fileEncoding = 4; lastKnownFileType = sourcecode.swift; path = "Roles+CoreDataClass.swift"; sourceTree = "<group>"; };
		842BAFCB1EF2A368005327B0 /* Roles+CoreDataProperties.swift */ = {isa = PBXFileReference; fileEncoding = 4; lastKnownFileType = sourcecode.swift; path = "Roles+CoreDataProperties.swift"; sourceTree = "<group>"; };
		8431B5C11EEFE2A80015C7E1 /* CoreDataDemo.xcdatamodel */ = {isa = PBXFileReference; lastKnownFileType = wrapper.xcdatamodel; path = CoreDataDemo.xcdatamodel; sourceTree = "<group>"; };
		843425C31EE7D80400282419 /* UserNotifications.framework */ = {isa = PBXFileReference; lastKnownFileType = wrapper.framework; name = UserNotifications.framework; path = System/Library/Frameworks/UserNotifications.framework; sourceTree = SDKROOT; };
		843425C71EE7ED5F00282419 /* GoogleService-Info.plist */ = {isa = PBXFileReference; fileEncoding = 4; lastKnownFileType = text.plist.xml; path = "GoogleService-Info.plist"; sourceTree = "<group>"; };
		8439DFD61F038C5400F21C79 /* PlayVideoViewController.swift */ = {isa = PBXFileReference; fileEncoding = 4; lastKnownFileType = sourcecode.swift; path = PlayVideoViewController.swift; sourceTree = "<group>"; };
		8439E04D1EC5F3C000FC2A12 /* LoginViewController.swift */ = {isa = PBXFileReference; fileEncoding = 4; lastKnownFileType = sourcecode.swift; path = LoginViewController.swift; sourceTree = "<group>"; };
		843A6AB81EE1824C00D86591 /* linkedin-sdk.framework */ = {isa = PBXFileReference; lastKnownFileType = wrapper.framework; path = "linkedin-sdk.framework"; sourceTree = "<group>"; };
		8440DF6F1ED706CB0003F05B /* MenuViewViewController.swift */ = {isa = PBXFileReference; fileEncoding = 4; lastKnownFileType = sourcecode.swift; path = MenuViewViewController.swift; sourceTree = "<group>"; };
		844387B51ED41FF0002E71D6 /* RegistrationViewController.swift */ = {isa = PBXFileReference; fileEncoding = 4; lastKnownFileType = sourcecode.swift; path = RegistrationViewController.swift; sourceTree = "<group>"; };
		844387B71ED46D2D002E71D6 /* Registration1ViewController.swift */ = {isa = PBXFileReference; fileEncoding = 4; lastKnownFileType = sourcecode.swift; path = Registration1ViewController.swift; sourceTree = "<group>"; };
		8449B6051EE578EB0072A8DD /* CoreDataManager.swift */ = {isa = PBXFileReference; fileEncoding = 4; lastKnownFileType = sourcecode.swift; name = CoreDataManager.swift; path = ../Models/CoreDataManager.swift; sourceTree = "<group>"; };
		844E5AFF1EEE59D600E69646 /* SessionManager.swift */ = {isa = PBXFileReference; fileEncoding = 4; lastKnownFileType = sourcecode.swift; path = SessionManager.swift; sourceTree = "<group>"; };
		844E5B291EEED4CF00E69646 /* LinkedInLoginViewController.swift */ = {isa = PBXFileReference; fileEncoding = 4; lastKnownFileType = sourcecode.swift; path = LinkedInLoginViewController.swift; sourceTree = "<group>"; };
		844F5F2C1EDBF0B20073A7D7 /* EditProfileViewController.swift */ = {isa = PBXFileReference; fileEncoding = 4; lastKnownFileType = sourcecode.swift; path = EditProfileViewController.swift; sourceTree = "<group>"; };
		844F5F2E1EDC23A20073A7D7 /* NotificationJobsViewController.swift */ = {isa = PBXFileReference; fileEncoding = 4; lastKnownFileType = sourcecode.swift; path = NotificationJobsViewController.swift; sourceTree = "<group>"; };
		844F5F301EDC2A160073A7D7 /* SavedJobsViewController.swift */ = {isa = PBXFileReference; fileEncoding = 4; lastKnownFileType = sourcecode.swift; path = SavedJobsViewController.swift; sourceTree = "<group>"; };
		844F5F321EDC34B20073A7D7 /* AppliedJobsViewController.swift */ = {isa = PBXFileReference; fileEncoding = 4; lastKnownFileType = sourcecode.swift; path = AppliedJobsViewController.swift; sourceTree = "<group>"; };
		844F5F341EDC3BA10073A7D7 /* UploadResumeViewController.swift */ = {isa = PBXFileReference; fileEncoding = 4; lastKnownFileType = sourcecode.swift; path = UploadResumeViewController.swift; sourceTree = "<group>"; };
		844F5F361EDC48640073A7D7 /* LocationViewController.swift */ = {isa = PBXFileReference; fileEncoding = 4; lastKnownFileType = sourcecode.swift; path = LocationViewController.swift; sourceTree = "<group>"; };
		8450ACCC1ED5B5EF001D57E1 /* AdditionalInfoViewController.swift */ = {isa = PBXFileReference; fileEncoding = 4; lastKnownFileType = sourcecode.swift; path = AdditionalInfoViewController.swift; sourceTree = "<group>"; };
		8451F6281EDE8E2F00B1DEDF /* investHR.entitlements */ = {isa = PBXFileReference; lastKnownFileType = text.plist.entitlements; path = investHR.entitlements; sourceTree = "<group>"; };
		8451F6291EDEE39100B1DEDF /* AVFoundation.framework */ = {isa = PBXFileReference; lastKnownFileType = wrapper.framework; name = AVFoundation.framework; path = System/Library/Frameworks/AVFoundation.framework; sourceTree = SDKROOT; };
		8453BDEF1EE96F6300C9B956 /* Auth0.plist */ = {isa = PBXFileReference; fileEncoding = 4; lastKnownFileType = text.plist.xml; path = Auth0.plist; sourceTree = "<group>"; };
		8467DEE01EEA68E300974A3D /* HybridAuth.swift */ = {isa = PBXFileReference; fileEncoding = 4; lastKnownFileType = sourcecode.swift; path = HybridAuth.swift; sourceTree = "<group>"; };
		8477F6411EF92905007AEBAC /* investHR.sqlite */ = {isa = PBXFileReference; lastKnownFileType = file; path = investHR.sqlite; sourceTree = "<group>"; };
		8477F6421EF92905007AEBAC /* investHR.sqlite-shm */ = {isa = PBXFileReference; lastKnownFileType = file; path = "investHR.sqlite-shm"; sourceTree = "<group>"; };
		8477F6431EF92905007AEBAC /* investHR.sqlite-wal */ = {isa = PBXFileReference; fileEncoding = 4; lastKnownFileType = text; path = "investHR.sqlite-wal"; sourceTree = "<group>"; };
		8493B82D1EC4678200D8F7F9 /* investHR.app */ = {isa = PBXFileReference; explicitFileType = wrapper.application; includeInIndex = 0; path = investHR.app; sourceTree = BUILT_PRODUCTS_DIR; };
		8493B8301EC4678200D8F7F9 /* AppDelegate.swift */ = {isa = PBXFileReference; lastKnownFileType = sourcecode.swift; path = AppDelegate.swift; sourceTree = "<group>"; };
		8493B8351EC4678200D8F7F9 /* Base */ = {isa = PBXFileReference; lastKnownFileType = file.storyboard; name = Base; path = Base.lproj/Main.storyboard; sourceTree = "<group>"; };
		8493B83A1EC4678200D8F7F9 /* Assets.xcassets */ = {isa = PBXFileReference; lastKnownFileType = folder.assetcatalog; path = Assets.xcassets; sourceTree = "<group>"; };
		8493B83D1EC4678200D8F7F9 /* Base */ = {isa = PBXFileReference; lastKnownFileType = file.storyboard; name = Base; path = Base.lproj/LaunchScreen.storyboard; sourceTree = "<group>"; };
		8493B83F1EC4678200D8F7F9 /* Info.plist */ = {isa = PBXFileReference; lastKnownFileType = text.plist.xml; path = Info.plist; sourceTree = "<group>"; };
		8493B8441EC4678300D8F7F9 /* investHRTests.xctest */ = {isa = PBXFileReference; explicitFileType = wrapper.cfbundle; includeInIndex = 0; path = investHRTests.xctest; sourceTree = BUILT_PRODUCTS_DIR; };
		8493B8481EC4678300D8F7F9 /* investHRTests.swift */ = {isa = PBXFileReference; lastKnownFileType = sourcecode.swift; path = investHRTests.swift; sourceTree = "<group>"; };
		8493B84A1EC4678300D8F7F9 /* Info.plist */ = {isa = PBXFileReference; lastKnownFileType = text.plist.xml; path = Info.plist; sourceTree = "<group>"; };
		8493B84F1EC4678300D8F7F9 /* investHRUITests.xctest */ = {isa = PBXFileReference; explicitFileType = wrapper.cfbundle; includeInIndex = 0; path = investHRUITests.xctest; sourceTree = BUILT_PRODUCTS_DIR; };
		8493B8531EC4678300D8F7F9 /* investHRUITests.swift */ = {isa = PBXFileReference; lastKnownFileType = sourcecode.swift; path = investHRUITests.swift; sourceTree = "<group>"; };
		8493B8551EC4678300D8F7F9 /* Info.plist */ = {isa = PBXFileReference; lastKnownFileType = text.plist.xml; path = Info.plist; sourceTree = "<group>"; };
		84AD18381EF000140049675A /* investHR.xcdatamodel */ = {isa = PBXFileReference; lastKnownFileType = wrapper.xcdatamodel; path = investHR.xcdatamodel; sourceTree = "<group>"; };
		84DAD40E1ED7F5440008BB09 /* VerticalViewController.swift */ = {isa = PBXFileReference; fileEncoding = 4; lastKnownFileType = sourcecode.swift; path = VerticalViewController.swift; sourceTree = "<group>"; };
		84DAD4101ED822200008BB09 /* JobsViewController.swift */ = {isa = PBXFileReference; fileEncoding = 4; lastKnownFileType = sourcecode.swift; path = JobsViewController.swift; sourceTree = "<group>"; };
		84EB8F3B1EDFE90B00014DA4 /* APIManager.swift */ = {isa = PBXFileReference; fileEncoding = 4; lastKnownFileType = sourcecode.swift; path = APIManager.swift; sourceTree = "<group>"; };
		84EB8F3C1EDFE90B00014DA4 /* DownloadMetaDataJob.swift */ = {isa = PBXFileReference; fileEncoding = 4; lastKnownFileType = sourcecode.swift; path = DownloadMetaDataJob.swift; sourceTree = "<group>"; };
		84EB8F421EDFEB8600014DA4 /* Constant.swift */ = {isa = PBXFileReference; fileEncoding = 4; lastKnownFileType = sourcecode.swift; path = Constant.swift; sourceTree = "<group>"; };
		84EB8F441EDFFCC900014DA4 /* AppPreferences.swift */ = {isa = PBXFileReference; fileEncoding = 4; lastKnownFileType = sourcecode.swift; path = AppPreferences.swift; sourceTree = "<group>"; };
		84EB8F471EE03D6600014DA4 /* Reachability.swift */ = {isa = PBXFileReference; fileEncoding = 4; lastKnownFileType = sourcecode.swift; path = Reachability.swift; sourceTree = "<group>"; };
		84F690F01EFB87410000B768 /* FTPImageUpload.swift */ = {isa = PBXFileReference; fileEncoding = 4; lastKnownFileType = sourcecode.swift; path = FTPImageUpload.swift; sourceTree = "<group>"; };
		84F690F21EFB8EBB0000B768 /* DateExtension.swift */ = {isa = PBXFileReference; fileEncoding = 4; lastKnownFileType = sourcecode.swift; path = DateExtension.swift; sourceTree = "<group>"; };
		84F690F41EFBE4220000B768 /* AppliedJobs+CoreDataClass.swift */ = {isa = PBXFileReference; fileEncoding = 4; lastKnownFileType = sourcecode.swift; path = "AppliedJobs+CoreDataClass.swift"; sourceTree = "<group>"; };
		84F690F51EFBE4220000B768 /* AppliedJobs+CoreDataProperties.swift */ = {isa = PBXFileReference; fileEncoding = 4; lastKnownFileType = sourcecode.swift; path = "AppliedJobs+CoreDataProperties.swift"; sourceTree = "<group>"; };
		84F690F81EFBE45D0000B768 /* SavedJobs+CoreDataClass.swift */ = {isa = PBXFileReference; fileEncoding = 4; lastKnownFileType = sourcecode.swift; path = "SavedJobs+CoreDataClass.swift"; sourceTree = "<group>"; };
		84F690F91EFBE45D0000B768 /* SavedJobs+CoreDataProperties.swift */ = {isa = PBXFileReference; fileEncoding = 4; lastKnownFileType = sourcecode.swift; path = "SavedJobs+CoreDataProperties.swift"; sourceTree = "<group>"; };
		84F690FE1EFC11D30000B768 /* NewJobsViewController.swift */ = {isa = PBXFileReference; fileEncoding = 4; lastKnownFileType = sourcecode.swift; path = NewJobsViewController.swift; sourceTree = "<group>"; };
		8F373153BB0521F279CA83EB /* Pods_investHRTests.framework */ = {isa = PBXFileReference; explicitFileType = wrapper.framework; includeInIndex = 0; path = Pods_investHRTests.framework; sourceTree = BUILT_PRODUCTS_DIR; };
		B46ECC2453C6493610B27C31 /* Pods-investHRTests.release.xcconfig */ = {isa = PBXFileReference; includeInIndex = 1; lastKnownFileType = text.xcconfig; name = "Pods-investHRTests.release.xcconfig"; path = "Pods/Target Support Files/Pods-investHRTests/Pods-investHRTests.release.xcconfig"; sourceTree = "<group>"; };
		BF1F6F4D1CE0CCB272F213F1 /* Pods-investHR.release.xcconfig */ = {isa = PBXFileReference; includeInIndex = 1; lastKnownFileType = text.xcconfig; name = "Pods-investHR.release.xcconfig"; path = "Pods/Target Support Files/Pods-investHR/Pods-investHR.release.xcconfig"; sourceTree = "<group>"; };
		D9CF5180517057B4C05D18CF /* Pods_investHRUITests.framework */ = {isa = PBXFileReference; explicitFileType = wrapper.framework; includeInIndex = 0; path = Pods_investHRUITests.framework; sourceTree = BUILT_PRODUCTS_DIR; };
		E686BEE2E95DCA095E994AD7 /* Pods-investHR.debug.xcconfig */ = {isa = PBXFileReference; includeInIndex = 1; lastKnownFileType = text.xcconfig; name = "Pods-investHR.debug.xcconfig"; path = "Pods/Target Support Files/Pods-investHR/Pods-investHR.debug.xcconfig"; sourceTree = "<group>"; };
		FCD0E64D8DDF1F4E0360E6EB /* Pods_investHR.framework */ = {isa = PBXFileReference; explicitFileType = wrapper.framework; includeInIndex = 0; path = Pods_investHR.framework; sourceTree = BUILT_PRODUCTS_DIR; };
/* End PBXFileReference section */

/* Begin PBXFrameworksBuildPhase section */
		8493B82A1EC4678200D8F7F9 /* Frameworks */ = {
			isa = PBXFrameworksBuildPhase;
			buildActionMask = 2147483647;
			files = (
				843425C41EE7D80500282419 /* UserNotifications.framework in Frameworks */,
				8451F62A1EDEE39100B1DEDF /* AVFoundation.framework in Frameworks */,
				842B32FE1EDDB224000088D1 /* Social.framework in Frameworks */,
				BD7B2F45DBC9DE328FC4F1DC /* Pods_investHR.framework in Frameworks */,
				843A6AB91EE1824C00D86591 /* linkedin-sdk.framework in Frameworks */,
			);
			runOnlyForDeploymentPostprocessing = 0;
		};
		8493B8411EC4678300D8F7F9 /* Frameworks */ = {
			isa = PBXFrameworksBuildPhase;
			buildActionMask = 2147483647;
			files = (
				FE7DA76949B0D82B0FD61BD3 /* Pods_investHRTests.framework in Frameworks */,
			);
			runOnlyForDeploymentPostprocessing = 0;
		};
		8493B84C1EC4678300D8F7F9 /* Frameworks */ = {
			isa = PBXFrameworksBuildPhase;
			buildActionMask = 2147483647;
			files = (
				E174B35D143E3B30CB4E479B /* Pods_investHRUITests.framework in Frameworks */,
			);
			runOnlyForDeploymentPostprocessing = 0;
		};
/* End PBXFrameworksBuildPhase section */

/* Begin PBXGroup section */
		5553AA6A2507EFF67043F30C /* Frameworks */ = {
			isa = PBXGroup;
			children = (
				843425C31EE7D80400282419 /* UserNotifications.framework */,
				8451F6291EDEE39100B1DEDF /* AVFoundation.framework */,
				842B32FD1EDDB224000088D1 /* Social.framework */,
				FCD0E64D8DDF1F4E0360E6EB /* Pods_investHR.framework */,
				8F373153BB0521F279CA83EB /* Pods_investHRTests.framework */,
				D9CF5180517057B4C05D18CF /* Pods_investHRUITests.framework */,
			);
			name = Frameworks;
			sourceTree = "<group>";
		};
		84239B901EC476AD0076EF33 /* Libraries */ = {
			isa = PBXGroup;
			children = (
				8424ED1C1EF14C6000E68B3D /* CustomTextFields */,
				8424ECDC1EF0FEED00E68B3D /* MBProgressHUD */,
				8467DEDF1EEA68E300974A3D /* OAuth */,
				843A6AB71EE1824C00D86591 /* LinkedIn */,
				84EB8F461EE03D6600014DA4 /* Reachability */,
				84239B911EC476AD0076EF33 /* SWrevealView */,
			);
			path = Libraries;
			sourceTree = "<group>";
		};
		84239B911EC476AD0076EF33 /* SWrevealView */ = {
			isa = PBXGroup;
			children = (
				84239B921EC476C60076EF33 /* SWRevealViewController.h */,
				84239B931EC476C60076EF33 /* SWRevealViewController.m */,
			);
			path = SWrevealView;
			sourceTree = "<group>";
		};
		8424ECDC1EF0FEED00E68B3D /* MBProgressHUD */ = {
			isa = PBXGroup;
			children = (
				8424ECDD1EF0FEED00E68B3D /* MBProgressHUD.h */,
				8424ECDE1EF0FEED00E68B3D /* MBProgressHUD.m */,
			);
			path = MBProgressHUD;
			sourceTree = "<group>";
		};
		8424ED1C1EF14C6000E68B3D /* CustomTextFields */ = {
			isa = PBXGroup;
			children = (
				8424ED1F1EF14C8800E68B3D /* SearchTextField.swift */,
				8424ED1D1EF14C6000E68B3D /* TextField.swift */,
			);
			path = CustomTextFields;
			sourceTree = "<group>";
		};
		8431B5BF1EEFE28F0015C7E1 /* Database */ = {
			isa = PBXGroup;
			children = (
				8431B5C01EEFE2A80015C7E1 /* CoreDataDemo.xcdatamodeld */,
				84AD18371EF000140049675A /* investHR.xcdatamodeld */,
			);
			path = Database;
			sourceTree = "<group>";
		};
		843A6AB71EE1824C00D86591 /* LinkedIn */ = {
			isa = PBXGroup;
			children = (
				843A6AB81EE1824C00D86591 /* linkedin-sdk.framework */,
			);
			path = LinkedIn;
			sourceTree = "<group>";
		};
		8449B6041EE578EB0072A8DD /* Models */ = {
			isa = PBXGroup;
			children = (
				84F690F81EFBE45D0000B768 /* SavedJobs+CoreDataClass.swift */,
				84F690F91EFBE45D0000B768 /* SavedJobs+CoreDataProperties.swift */,
				84F690F41EFBE4220000B768 /* AppliedJobs+CoreDataClass.swift */,
				84F690F51EFBE4220000B768 /* AppliedJobs+CoreDataProperties.swift */,
				842BAFCA1EF2A368005327B0 /* Roles+CoreDataClass.swift */,
				842BAFCB1EF2A368005327B0 /* Roles+CoreDataProperties.swift */,
				842BAFC61EF2A27C005327B0 /* HorizontalDomains+CoreDataClass.swift */,
				842BAFC71EF2A27C005327B0 /* HorizontalDomains+CoreDataProperties.swift */,
				8414926E1EF00639007133D0 /* VertcalDomains+CoreDataClass.swift */,
				8414926F1EF00639007133D0 /* VertcalDomains+CoreDataProperties.swift */,
				8414926A1EF0060D007133D0 /* User+CoreDataClass.swift */,
				8414926B1EF0060D007133D0 /* User+CoreDataProperties.swift */,
				841492661EF005D6007133D0 /* State+CoreDataClass.swift */,
				841492671EF005D6007133D0 /* State+CoreDataProperties.swift */,
				8414925A1EF004CA007133D0 /* City+CoreDataClass.swift */,
				8414925B1EF004CA007133D0 /* City+CoreDataProperties.swift */,
			);
			path = Models;
			sourceTree = "<group>";
		};
		8467DEDF1EEA68E300974A3D /* OAuth */ = {
			isa = PBXGroup;
			children = (
				8467DEE01EEA68E300974A3D /* HybridAuth.swift */,
			);
			path = OAuth;
			sourceTree = "<group>";
		};
		8493B8241EC4678200D8F7F9 = {
			isa = PBXGroup;
			children = (
				8493B82F1EC4678200D8F7F9 /* investHR */,
				8493B8471EC4678300D8F7F9 /* investHRTests */,
				8493B8521EC4678300D8F7F9 /* investHRUITests */,
				8493B82E1EC4678200D8F7F9 /* Products */,
				B56E7941A7675D3CEE9D3B4F /* Pods */,
				5553AA6A2507EFF67043F30C /* Frameworks */,
			);
			sourceTree = "<group>";
		};
		8493B82E1EC4678200D8F7F9 /* Products */ = {
			isa = PBXGroup;
			children = (
				8493B82D1EC4678200D8F7F9 /* investHR.app */,
				8493B8441EC4678300D8F7F9 /* investHRTests.xctest */,
				8493B84F1EC4678300D8F7F9 /* investHRUITests.xctest */,
			);
			name = Products;
			sourceTree = "<group>";
		};
		8493B82F1EC4678200D8F7F9 /* investHR */ = {
			isa = PBXGroup;
			children = (
				8451F6281EDE8E2F00B1DEDF /* investHR.entitlements */,
				8477F6411EF92905007AEBAC /* investHR.sqlite */,
				8477F6421EF92905007AEBAC /* investHR.sqlite-shm */,
				8477F6431EF92905007AEBAC /* investHR.sqlite-wal */,
				8431B5BF1EEFE28F0015C7E1 /* Database */,
				8449B6041EE578EB0072A8DD /* Models */,
				84EB8F3F1EDFE94900014DA4 /* Constant */,
				84EB8F3A1EDFE90B00014DA4 /* APIManager */,
				8493B8611EC467D100D8F7F9 /* ViewControllers */,
				8493B8301EC4678200D8F7F9 /* AppDelegate.swift */,
				8493B8341EC4678200D8F7F9 /* Main.storyboard */,
				84239B901EC476AD0076EF33 /* Libraries */,
				8493B83A1EC4678200D8F7F9 /* Assets.xcassets */,
				8493B83C1EC4678200D8F7F9 /* LaunchScreen.storyboard */,
				8493B83F1EC4678200D8F7F9 /* Info.plist */,
				8453BDEF1EE96F6300C9B956 /* Auth0.plist */,
				843425C71EE7ED5F00282419 /* GoogleService-Info.plist */,
				844E5AFF1EEE59D600E69646 /* SessionManager.swift */,
				84239B821EC475200076EF33 /* investHR-Bridging-Header.h */,
			);
			path = investHR;
			sourceTree = "<group>";
		};
		8493B8471EC4678300D8F7F9 /* investHRTests */ = {
			isa = PBXGroup;
			children = (
				8493B8481EC4678300D8F7F9 /* investHRTests.swift */,
				8493B84A1EC4678300D8F7F9 /* Info.plist */,
			);
			path = investHRTests;
			sourceTree = "<group>";
		};
		8493B8521EC4678300D8F7F9 /* investHRUITests */ = {
			isa = PBXGroup;
			children = (
				8493B8531EC4678300D8F7F9 /* investHRUITests.swift */,
				8493B8551EC4678300D8F7F9 /* Info.plist */,
			);
			path = investHRUITests;
			sourceTree = "<group>";
		};
		8493B8611EC467D100D8F7F9 /* ViewControllers */ = {
			isa = PBXGroup;
			children = (
				8439E04D1EC5F3C000FC2A12 /* LoginViewController.swift */,
				841C71AA1ECC5C0300C3111F /* HomeViewController.swift */,
				844E5B291EEED4CF00E69646 /* LinkedInLoginViewController.swift */,
				844387B51ED41FF0002E71D6 /* RegistrationViewController.swift */,
				844387B71ED46D2D002E71D6 /* Registration1ViewController.swift */,
				844F5F2C1EDBF0B20073A7D7 /* EditProfileViewController.swift */,
				8450ACCC1ED5B5EF001D57E1 /* AdditionalInfoViewController.swift */,
				8440DF6F1ED706CB0003F05B /* MenuViewViewController.swift */,
				84DAD40E1ED7F5440008BB09 /* VerticalViewController.swift */,
				84DAD4101ED822200008BB09 /* JobsViewController.swift */,
				84F690FE1EFC11D30000B768 /* NewJobsViewController.swift */,
				844F5F2E1EDC23A20073A7D7 /* NotificationJobsViewController.swift */,
				844F5F301EDC2A160073A7D7 /* SavedJobsViewController.swift */,
				844F5F321EDC34B20073A7D7 /* AppliedJobsViewController.swift */,
				844F5F361EDC48640073A7D7 /* LocationViewController.swift */,
				842B32F71EDD7A97000088D1 /* SettingsViewController.swift */,
				844F5F341EDC3BA10073A7D7 /* UploadResumeViewController.swift */,
				842B32F91EDD8F62000088D1 /* UploadVideoViewController.swift */,
				842B32FB1EDDAE2B000088D1 /* ReferFriendViewController.swift */,
				8439DFD61F038C5400F21C79 /* PlayVideoViewController.swift */,
			);
			path = ViewControllers;
			sourceTree = "<group>";
		};
		84EB8F3A1EDFE90B00014DA4 /* APIManager */ = {
			isa = PBXGroup;
			children = (
				84EB8F3B1EDFE90B00014DA4 /* APIManager.swift */,
				84EB8F3C1EDFE90B00014DA4 /* DownloadMetaDataJob.swift */,
				84EB8F441EDFFCC900014DA4 /* AppPreferences.swift */,
				8449B6051EE578EB0072A8DD /* CoreDataManager.swift */,
				84F690F01EFB87410000B768 /* FTPImageUpload.swift */,
				84F690F21EFB8EBB0000B768 /* DateExtension.swift */,
			);
			path = APIManager;
			sourceTree = "<group>";
		};
		84EB8F3F1EDFE94900014DA4 /* Constant */ = {
			isa = PBXGroup;
			children = (
				84EB8F421EDFEB8600014DA4 /* Constant.swift */,
			);
			path = Constant;
			sourceTree = "<group>";
		};
		84EB8F461EE03D6600014DA4 /* Reachability */ = {
			isa = PBXGroup;
			children = (
				84EB8F471EE03D6600014DA4 /* Reachability.swift */,
			);
			path = Reachability;
			sourceTree = "<group>";
		};
		B56E7941A7675D3CEE9D3B4F /* Pods */ = {
			isa = PBXGroup;
			children = (
				E686BEE2E95DCA095E994AD7 /* Pods-investHR.debug.xcconfig */,
				BF1F6F4D1CE0CCB272F213F1 /* Pods-investHR.release.xcconfig */,
				090579246A9D10601667A174 /* Pods-investHRTests.debug.xcconfig */,
				B46ECC2453C6493610B27C31 /* Pods-investHRTests.release.xcconfig */,
				7EB4DA99D60A83D450E70BF7 /* Pods-investHRUITests.debug.xcconfig */,
				33A1F246F586B35A47C60808 /* Pods-investHRUITests.release.xcconfig */,
			);
			name = Pods;
			sourceTree = "<group>";
		};
/* End PBXGroup section */

/* Begin PBXNativeTarget section */
		8493B82C1EC4678200D8F7F9 /* investHR */ = {
			isa = PBXNativeTarget;
			buildConfigurationList = 8493B8581EC4678300D8F7F9 /* Build configuration list for PBXNativeTarget "investHR" */;
			buildPhases = (
				9CA7B1BF4A21BA74F20603FD /* [CP] Check Pods Manifest.lock */,
				8493B8291EC4678200D8F7F9 /* Sources */,
				8493B82A1EC4678200D8F7F9 /* Frameworks */,
				8493B82B1EC4678200D8F7F9 /* Resources */,
				35ABF84560EB6047F9EAA777 /* [CP] Embed Pods Frameworks */,
				16A3E23CD1CE3B965026F1C3 /* [CP] Copy Pods Resources */,
			);
			buildRules = (
			);
			dependencies = (
			);
			name = investHR;
			productName = investHR;
			productReference = 8493B82D1EC4678200D8F7F9 /* investHR.app */;
			productType = "com.apple.product-type.application";
		};
		8493B8431EC4678300D8F7F9 /* investHRTests */ = {
			isa = PBXNativeTarget;
			buildConfigurationList = 8493B85B1EC4678300D8F7F9 /* Build configuration list for PBXNativeTarget "investHRTests" */;
			buildPhases = (
				D4890305C401F72E2225F6E4 /* [CP] Check Pods Manifest.lock */,
				8493B8401EC4678300D8F7F9 /* Sources */,
				8493B8411EC4678300D8F7F9 /* Frameworks */,
				8493B8421EC4678300D8F7F9 /* Resources */,
				8274F214CBF8400BAD05605B /* [CP] Embed Pods Frameworks */,
				DE903F027DF004A3F11BB271 /* [CP] Copy Pods Resources */,
			);
			buildRules = (
			);
			dependencies = (
				8493B8461EC4678300D8F7F9 /* PBXTargetDependency */,
			);
			name = investHRTests;
			productName = investHRTests;
			productReference = 8493B8441EC4678300D8F7F9 /* investHRTests.xctest */;
			productType = "com.apple.product-type.bundle.unit-test";
		};
		8493B84E1EC4678300D8F7F9 /* investHRUITests */ = {
			isa = PBXNativeTarget;
			buildConfigurationList = 8493B85E1EC4678300D8F7F9 /* Build configuration list for PBXNativeTarget "investHRUITests" */;
			buildPhases = (
				84CBF79A216B7747C62D6E45 /* [CP] Check Pods Manifest.lock */,
				8493B84B1EC4678300D8F7F9 /* Sources */,
				8493B84C1EC4678300D8F7F9 /* Frameworks */,
				8493B84D1EC4678300D8F7F9 /* Resources */,
				18508E468BCA28F83ABBBD68 /* [CP] Embed Pods Frameworks */,
				14644647380BE709FB091961 /* [CP] Copy Pods Resources */,
			);
			buildRules = (
			);
			dependencies = (
				8493B8511EC4678300D8F7F9 /* PBXTargetDependency */,
			);
			name = investHRUITests;
			productName = investHRUITests;
			productReference = 8493B84F1EC4678300D8F7F9 /* investHRUITests.xctest */;
			productType = "com.apple.product-type.bundle.ui-testing";
		};
/* End PBXNativeTarget section */

/* Begin PBXProject section */
		8493B8251EC4678200D8F7F9 /* Project object */ = {
			isa = PBXProject;
			attributes = {
				LastSwiftUpdateCheck = 0820;
				LastUpgradeCheck = 0820;
				ORGANIZATIONNAME = Xanadutec;
				TargetAttributes = {
					8493B82C1EC4678200D8F7F9 = {
						CreatedOnToolsVersion = 8.2.1;
						DevelopmentTeam = Y56BAH343T;
						LastSwiftMigration = 0820;
						ProvisioningStyle = Automatic;
						SystemCapabilities = {
							com.apple.Push = {
								enabled = 1;
							};
							com.apple.iCloud = {
								enabled = 1;
							};
						};
					};
					8493B8431EC4678300D8F7F9 = {
						CreatedOnToolsVersion = 8.2.1;
						DevelopmentTeam = Y56BAH343T;
						ProvisioningStyle = Automatic;
						TestTargetID = 8493B82C1EC4678200D8F7F9;
					};
					8493B84E1EC4678300D8F7F9 = {
						CreatedOnToolsVersion = 8.2.1;
						DevelopmentTeam = Y56BAH343T;
						ProvisioningStyle = Automatic;
						TestTargetID = 8493B82C1EC4678200D8F7F9;
					};
				};
			};
			buildConfigurationList = 8493B8281EC4678200D8F7F9 /* Build configuration list for PBXProject "investHR" */;
			compatibilityVersion = "Xcode 3.2";
			developmentRegion = English;
			hasScannedForEncodings = 0;
			knownRegions = (
				en,
				Base,
			);
			mainGroup = 8493B8241EC4678200D8F7F9;
			productRefGroup = 8493B82E1EC4678200D8F7F9 /* Products */;
			projectDirPath = "";
			projectRoot = "";
			targets = (
				8493B82C1EC4678200D8F7F9 /* investHR */,
				8493B8431EC4678300D8F7F9 /* investHRTests */,
				8493B84E1EC4678300D8F7F9 /* investHRUITests */,
			);
		};
/* End PBXProject section */

/* Begin PBXResourcesBuildPhase section */
		8493B82B1EC4678200D8F7F9 /* Resources */ = {
			isa = PBXResourcesBuildPhase;
			buildActionMask = 2147483647;
			files = (
				84AD183A1EF000DE0049675A /* investHR.xcdatamodeld in Resources */,
				8453BDF01EE96F6400C9B956 /* Auth0.plist in Resources */,
				8493B83E1EC4678200D8F7F9 /* LaunchScreen.storyboard in Resources */,
				8477F6451EF92905007AEBAC /* investHR.sqlite-shm in Resources */,
				843425C81EE7ED5F00282419 /* GoogleService-Info.plist in Resources */,
				8493B83B1EC4678200D8F7F9 /* Assets.xcassets in Resources */,
				8493B8361EC4678200D8F7F9 /* Main.storyboard in Resources */,
				8477F6461EF92905007AEBAC /* investHR.sqlite-wal in Resources */,
				8477F6441EF92905007AEBAC /* investHR.sqlite in Resources */,
			);
			runOnlyForDeploymentPostprocessing = 0;
		};
		8493B8421EC4678300D8F7F9 /* Resources */ = {
			isa = PBXResourcesBuildPhase;
			buildActionMask = 2147483647;
			files = (
			);
			runOnlyForDeploymentPostprocessing = 0;
		};
		8493B84D1EC4678300D8F7F9 /* Resources */ = {
			isa = PBXResourcesBuildPhase;
			buildActionMask = 2147483647;
			files = (
			);
			runOnlyForDeploymentPostprocessing = 0;
		};
/* End PBXResourcesBuildPhase section */

/* Begin PBXShellScriptBuildPhase section */
		14644647380BE709FB091961 /* [CP] Copy Pods Resources */ = {
			isa = PBXShellScriptBuildPhase;
			buildActionMask = 2147483647;
			files = (
			);
			inputPaths = (
			);
			name = "[CP] Copy Pods Resources";
			outputPaths = (
			);
			runOnlyForDeploymentPostprocessing = 0;
			shellPath = /bin/sh;
			shellScript = "\"${SRCROOT}/Pods/Target Support Files/Pods-investHRUITests/Pods-investHRUITests-resources.sh\"\n";
			showEnvVarsInLog = 0;
		};
		16A3E23CD1CE3B965026F1C3 /* [CP] Copy Pods Resources */ = {
			isa = PBXShellScriptBuildPhase;
			buildActionMask = 2147483647;
			files = (
			);
			inputPaths = (
			);
			name = "[CP] Copy Pods Resources";
			outputPaths = (
			);
			runOnlyForDeploymentPostprocessing = 0;
			shellPath = /bin/sh;
			shellScript = "\"${SRCROOT}/Pods/Target Support Files/Pods-investHR/Pods-investHR-resources.sh\"\n";
			showEnvVarsInLog = 0;
		};
		18508E468BCA28F83ABBBD68 /* [CP] Embed Pods Frameworks */ = {
			isa = PBXShellScriptBuildPhase;
			buildActionMask = 2147483647;
			files = (
			);
			inputPaths = (
			);
			name = "[CP] Embed Pods Frameworks";
			outputPaths = (
			);
			runOnlyForDeploymentPostprocessing = 0;
			shellPath = /bin/sh;
			shellScript = "\"${SRCROOT}/Pods/Target Support Files/Pods-investHRUITests/Pods-investHRUITests-frameworks.sh\"\n";
			showEnvVarsInLog = 0;
		};
		35ABF84560EB6047F9EAA777 /* [CP] Embed Pods Frameworks */ = {
			isa = PBXShellScriptBuildPhase;
			buildActionMask = 2147483647;
			files = (
			);
			inputPaths = (
			);
			name = "[CP] Embed Pods Frameworks";
			outputPaths = (
			);
			runOnlyForDeploymentPostprocessing = 0;
			shellPath = /bin/sh;
			shellScript = "\"${SRCROOT}/Pods/Target Support Files/Pods-investHR/Pods-investHR-frameworks.sh\"\n";
			showEnvVarsInLog = 0;
		};
		8274F214CBF8400BAD05605B /* [CP] Embed Pods Frameworks */ = {
			isa = PBXShellScriptBuildPhase;
			buildActionMask = 2147483647;
			files = (
			);
			inputPaths = (
			);
			name = "[CP] Embed Pods Frameworks";
			outputPaths = (
			);
			runOnlyForDeploymentPostprocessing = 0;
			shellPath = /bin/sh;
			shellScript = "\"${SRCROOT}/Pods/Target Support Files/Pods-investHRTests/Pods-investHRTests-frameworks.sh\"\n";
			showEnvVarsInLog = 0;
		};
		84CBF79A216B7747C62D6E45 /* [CP] Check Pods Manifest.lock */ = {
			isa = PBXShellScriptBuildPhase;
			buildActionMask = 2147483647;
			files = (
			);
			inputPaths = (
			);
			name = "[CP] Check Pods Manifest.lock";
			outputPaths = (
			);
			runOnlyForDeploymentPostprocessing = 0;
			shellPath = /bin/sh;
			shellScript = "diff \"${PODS_PODFILE_DIR_PATH}/Podfile.lock\" \"${PODS_ROOT}/Manifest.lock\" > /dev/null\nif [ $? != 0 ] ; then\n    # print error to STDERR\n    echo \"error: The sandbox is not in sync with the Podfile.lock. Run 'pod install' or update your CocoaPods installation.\" >&2\n    exit 1\nfi\n";
			showEnvVarsInLog = 0;
		};
		9CA7B1BF4A21BA74F20603FD /* [CP] Check Pods Manifest.lock */ = {
			isa = PBXShellScriptBuildPhase;
			buildActionMask = 2147483647;
			files = (
			);
			inputPaths = (
			);
			name = "[CP] Check Pods Manifest.lock";
			outputPaths = (
			);
			runOnlyForDeploymentPostprocessing = 0;
			shellPath = /bin/sh;
			shellScript = "diff \"${PODS_PODFILE_DIR_PATH}/Podfile.lock\" \"${PODS_ROOT}/Manifest.lock\" > /dev/null\nif [ $? != 0 ] ; then\n    # print error to STDERR\n    echo \"error: The sandbox is not in sync with the Podfile.lock. Run 'pod install' or update your CocoaPods installation.\" >&2\n    exit 1\nfi\n";
			showEnvVarsInLog = 0;
		};
		D4890305C401F72E2225F6E4 /* [CP] Check Pods Manifest.lock */ = {
			isa = PBXShellScriptBuildPhase;
			buildActionMask = 2147483647;
			files = (
			);
			inputPaths = (
			);
			name = "[CP] Check Pods Manifest.lock";
			outputPaths = (
			);
			runOnlyForDeploymentPostprocessing = 0;
			shellPath = /bin/sh;
			shellScript = "diff \"${PODS_PODFILE_DIR_PATH}/Podfile.lock\" \"${PODS_ROOT}/Manifest.lock\" > /dev/null\nif [ $? != 0 ] ; then\n    # print error to STDERR\n    echo \"error: The sandbox is not in sync with the Podfile.lock. Run 'pod install' or update your CocoaPods installation.\" >&2\n    exit 1\nfi\n";
			showEnvVarsInLog = 0;
		};
		DE903F027DF004A3F11BB271 /* [CP] Copy Pods Resources */ = {
			isa = PBXShellScriptBuildPhase;
			buildActionMask = 2147483647;
			files = (
			);
			inputPaths = (
			);
			name = "[CP] Copy Pods Resources";
			outputPaths = (
			);
			runOnlyForDeploymentPostprocessing = 0;
			shellPath = /bin/sh;
			shellScript = "\"${SRCROOT}/Pods/Target Support Files/Pods-investHRTests/Pods-investHRTests-resources.sh\"\n";
			showEnvVarsInLog = 0;
		};
/* End PBXShellScriptBuildPhase section */

/* Begin PBXSourcesBuildPhase section */
		8493B8291EC4678200D8F7F9 /* Sources */ = {
			isa = PBXSourcesBuildPhase;
			buildActionMask = 2147483647;
			files = (
				84F690F31EFB8EBB0000B768 /* DateExtension.swift in Sources */,
				844F5F371EDC48640073A7D7 /* LocationViewController.swift in Sources */,
				844F5F2D1EDBF0B20073A7D7 /* EditProfileViewController.swift in Sources */,
				84EB8F451EDFFCC900014DA4 /* AppPreferences.swift in Sources */,
				84EB8F3D1EDFE90B00014DA4 /* APIManager.swift in Sources */,
				84EB8F3E1EDFE90B00014DA4 /* DownloadMetaDataJob.swift in Sources */,
				84EB8F481EE03D6600014DA4 /* Reachability.swift in Sources */,
				842BAFCD1EF2A368005327B0 /* Roles+CoreDataProperties.swift in Sources */,
				84F690FB1EFBE45D0000B768 /* SavedJobs+CoreDataProperties.swift in Sources */,
				841492691EF005D6007133D0 /* State+CoreDataProperties.swift in Sources */,
				8424ECDF1EF0FEED00E68B3D /* MBProgressHUD.m in Sources */,
				841492711EF00639007133D0 /* VertcalDomains+CoreDataProperties.swift in Sources */,
				8493B8311EC4678200D8F7F9 /* AppDelegate.swift in Sources */,
				84F690F11EFB87410000B768 /* FTPImageUpload.swift in Sources */,
				842B32FC1EDDAE2B000088D1 /* ReferFriendViewController.swift in Sources */,
				84F690F71EFBE4220000B768 /* AppliedJobs+CoreDataProperties.swift in Sources */,
				844F5F311EDC2A160073A7D7 /* SavedJobsViewController.swift in Sources */,
				844387B61ED41FF0002E71D6 /* RegistrationViewController.swift in Sources */,
				8450ACCD1ED5B5EF001D57E1 /* AdditionalInfoViewController.swift in Sources */,
				844F5F351EDC3BA10073A7D7 /* UploadResumeViewController.swift in Sources */,
				84DAD40F1ED7F5440008BB09 /* VerticalViewController.swift in Sources */,
				8414926C1EF0060D007133D0 /* User+CoreDataClass.swift in Sources */,
				841C71AB1ECC5C0300C3111F /* HomeViewController.swift in Sources */,
				8467DEE11EEA68E300974A3D /* HybridAuth.swift in Sources */,
				8414925C1EF004CA007133D0 /* City+CoreDataClass.swift in Sources */,
				8424ED1E1EF14C6000E68B3D /* TextField.swift in Sources */,
				8424ED201EF14C8800E68B3D /* SearchTextField.swift in Sources */,
				841492701EF00639007133D0 /* VertcalDomains+CoreDataClass.swift in Sources */,
				8431B5C21EEFE2A80015C7E1 /* CoreDataDemo.xcdatamodeld in Sources */,
				84DAD4111ED822200008BB09 /* JobsViewController.swift in Sources */,
				842BAFC91EF2A27C005327B0 /* HorizontalDomains+CoreDataProperties.swift in Sources */,
				8414926D1EF0060D007133D0 /* User+CoreDataProperties.swift in Sources */,
				842B32F81EDD7A97000088D1 /* SettingsViewController.swift in Sources */,
				844E5B001EEE59D600E69646 /* SessionManager.swift in Sources */,
				84F690FA1EFBE45D0000B768 /* SavedJobs+CoreDataClass.swift in Sources */,
				842BAFCC1EF2A368005327B0 /* Roles+CoreDataClass.swift in Sources */,
				844F5F2F1EDC23A20073A7D7 /* NotificationJobsViewController.swift in Sources */,
				84F690FF1EFC11D30000B768 /* NewJobsViewController.swift in Sources */,
				844387B81ED46D2D002E71D6 /* Registration1ViewController.swift in Sources */,
				8439E04E1EC5F3C000FC2A12 /* LoginViewController.swift in Sources */,
				84AD18391EF000140049675A /* investHR.xcdatamodeld in Sources */,
				841492681EF005D6007133D0 /* State+CoreDataClass.swift in Sources */,
				8449B6091EE578EB0072A8DD /* CoreDataManager.swift in Sources */,
				84EB8F431EDFEB8600014DA4 /* Constant.swift in Sources */,
				8439DFD71F038C5400F21C79 /* PlayVideoViewController.swift in Sources */,
				844E5B2A1EEED4CF00E69646 /* LinkedInLoginViewController.swift in Sources */,
				8414925D1EF004CA007133D0 /* City+CoreDataProperties.swift in Sources */,
				842BAFC81EF2A27C005327B0 /* HorizontalDomains+CoreDataClass.swift in Sources */,
				84F690F61EFBE4220000B768 /* AppliedJobs+CoreDataClass.swift in Sources */,
				84239B941EC476C60076EF33 /* SWRevealViewController.m in Sources */,
				8440DF701ED706CB0003F05B /* MenuViewViewController.swift in Sources */,
				844F5F331EDC34B20073A7D7 /* AppliedJobsViewController.swift in Sources */,
				842B32FA1EDD8F62000088D1 /* UploadVideoViewController.swift in Sources */,
			);
			runOnlyForDeploymentPostprocessing = 0;
		};
		8493B8401EC4678300D8F7F9 /* Sources */ = {
			isa = PBXSourcesBuildPhase;
			buildActionMask = 2147483647;
			files = (
				8493B8491EC4678300D8F7F9 /* investHRTests.swift in Sources */,
			);
			runOnlyForDeploymentPostprocessing = 0;
		};
		8493B84B1EC4678300D8F7F9 /* Sources */ = {
			isa = PBXSourcesBuildPhase;
			buildActionMask = 2147483647;
			files = (
				8493B8541EC4678300D8F7F9 /* investHRUITests.swift in Sources */,
			);
			runOnlyForDeploymentPostprocessing = 0;
		};
/* End PBXSourcesBuildPhase section */

/* Begin PBXTargetDependency section */
		8493B8461EC4678300D8F7F9 /* PBXTargetDependency */ = {
			isa = PBXTargetDependency;
			target = 8493B82C1EC4678200D8F7F9 /* investHR */;
			targetProxy = 8493B8451EC4678300D8F7F9 /* PBXContainerItemProxy */;
		};
		8493B8511EC4678300D8F7F9 /* PBXTargetDependency */ = {
			isa = PBXTargetDependency;
			target = 8493B82C1EC4678200D8F7F9 /* investHR */;
			targetProxy = 8493B8501EC4678300D8F7F9 /* PBXContainerItemProxy */;
		};
/* End PBXTargetDependency section */

/* Begin PBXVariantGroup section */
		8493B8341EC4678200D8F7F9 /* Main.storyboard */ = {
			isa = PBXVariantGroup;
			children = (
				8493B8351EC4678200D8F7F9 /* Base */,
			);
			name = Main.storyboard;
			sourceTree = "<group>";
		};
		8493B83C1EC4678200D8F7F9 /* LaunchScreen.storyboard */ = {
			isa = PBXVariantGroup;
			children = (
				8493B83D1EC4678200D8F7F9 /* Base */,
			);
			name = LaunchScreen.storyboard;
			sourceTree = "<group>";
		};
/* End PBXVariantGroup section */

/* Begin XCBuildConfiguration section */
		8493B8561EC4678300D8F7F9 /* Debug */ = {
			isa = XCBuildConfiguration;
			buildSettings = {
				ALWAYS_SEARCH_USER_PATHS = NO;
				CLANG_ANALYZER_NONNULL = YES;
				CLANG_CXX_LANGUAGE_STANDARD = "gnu++0x";
				CLANG_CXX_LIBRARY = "libc++";
				CLANG_ENABLE_MODULES = YES;
				CLANG_ENABLE_OBJC_ARC = YES;
				CLANG_WARN_BOOL_CONVERSION = YES;
				CLANG_WARN_CONSTANT_CONVERSION = YES;
				CLANG_WARN_DIRECT_OBJC_ISA_USAGE = YES_ERROR;
				CLANG_WARN_DOCUMENTATION_COMMENTS = YES;
				CLANG_WARN_EMPTY_BODY = YES;
				CLANG_WARN_ENUM_CONVERSION = YES;
				CLANG_WARN_INFINITE_RECURSION = YES;
				CLANG_WARN_INT_CONVERSION = YES;
				CLANG_WARN_OBJC_ROOT_CLASS = YES_ERROR;
				CLANG_WARN_SUSPICIOUS_MOVE = YES;
				CLANG_WARN_UNREACHABLE_CODE = YES;
				CLANG_WARN__DUPLICATE_METHOD_MATCH = YES;
				"CODE_SIGN_IDENTITY[sdk=iphoneos*]" = "iPhone Developer";
				COPY_PHASE_STRIP = NO;
				DEBUG_INFORMATION_FORMAT = dwarf;
				ENABLE_STRICT_OBJC_MSGSEND = YES;
				ENABLE_TESTABILITY = YES;
				GCC_C_LANGUAGE_STANDARD = gnu99;
				GCC_DYNAMIC_NO_PIC = NO;
				GCC_NO_COMMON_BLOCKS = YES;
				GCC_OPTIMIZATION_LEVEL = 0;
				GCC_PREPROCESSOR_DEFINITIONS = (
					"DEBUG=1",
					"$(inherited)",
				);
				GCC_WARN_64_TO_32_BIT_CONVERSION = YES;
				GCC_WARN_ABOUT_RETURN_TYPE = YES_ERROR;
				GCC_WARN_UNDECLARED_SELECTOR = YES;
				GCC_WARN_UNINITIALIZED_AUTOS = YES_AGGRESSIVE;
				GCC_WARN_UNUSED_FUNCTION = YES;
				GCC_WARN_UNUSED_VARIABLE = YES;
				IPHONEOS_DEPLOYMENT_TARGET = 10.2;
				MTL_ENABLE_DEBUG_INFO = YES;
				ONLY_ACTIVE_ARCH = YES;
				SDKROOT = iphoneos;
				SWIFT_ACTIVE_COMPILATION_CONDITIONS = DEBUG;
				SWIFT_OPTIMIZATION_LEVEL = "-Onone";
				TARGETED_DEVICE_FAMILY = "1,2";
			};
			name = Debug;
		};
		8493B8571EC4678300D8F7F9 /* Release */ = {
			isa = XCBuildConfiguration;
			buildSettings = {
				ALWAYS_SEARCH_USER_PATHS = NO;
				CLANG_ANALYZER_NONNULL = YES;
				CLANG_CXX_LANGUAGE_STANDARD = "gnu++0x";
				CLANG_CXX_LIBRARY = "libc++";
				CLANG_ENABLE_MODULES = YES;
				CLANG_ENABLE_OBJC_ARC = YES;
				CLANG_WARN_BOOL_CONVERSION = YES;
				CLANG_WARN_CONSTANT_CONVERSION = YES;
				CLANG_WARN_DIRECT_OBJC_ISA_USAGE = YES_ERROR;
				CLANG_WARN_DOCUMENTATION_COMMENTS = YES;
				CLANG_WARN_EMPTY_BODY = YES;
				CLANG_WARN_ENUM_CONVERSION = YES;
				CLANG_WARN_INFINITE_RECURSION = YES;
				CLANG_WARN_INT_CONVERSION = YES;
				CLANG_WARN_OBJC_ROOT_CLASS = YES_ERROR;
				CLANG_WARN_SUSPICIOUS_MOVE = YES;
				CLANG_WARN_UNREACHABLE_CODE = YES;
				CLANG_WARN__DUPLICATE_METHOD_MATCH = YES;
				"CODE_SIGN_IDENTITY[sdk=iphoneos*]" = "iPhone Developer";
				COPY_PHASE_STRIP = NO;
				DEBUG_INFORMATION_FORMAT = "dwarf-with-dsym";
				ENABLE_NS_ASSERTIONS = NO;
				ENABLE_STRICT_OBJC_MSGSEND = YES;
				GCC_C_LANGUAGE_STANDARD = gnu99;
				GCC_NO_COMMON_BLOCKS = YES;
				GCC_WARN_64_TO_32_BIT_CONVERSION = YES;
				GCC_WARN_ABOUT_RETURN_TYPE = YES_ERROR;
				GCC_WARN_UNDECLARED_SELECTOR = YES;
				GCC_WARN_UNINITIALIZED_AUTOS = YES_AGGRESSIVE;
				GCC_WARN_UNUSED_FUNCTION = YES;
				GCC_WARN_UNUSED_VARIABLE = YES;
				IPHONEOS_DEPLOYMENT_TARGET = 10.2;
				MTL_ENABLE_DEBUG_INFO = NO;
				SDKROOT = iphoneos;
				SWIFT_OPTIMIZATION_LEVEL = "-Owholemodule";
				TARGETED_DEVICE_FAMILY = "1,2";
				VALIDATE_PRODUCT = YES;
			};
			name = Release;
		};
		8493B8591EC4678300D8F7F9 /* Debug */ = {
			isa = XCBuildConfiguration;
			baseConfigurationReference = E686BEE2E95DCA095E994AD7 /* Pods-investHR.debug.xcconfig */;
			buildSettings = {
				ASSETCATALOG_COMPILER_APPICON_NAME = AppIcon;
				CLANG_ENABLE_MODULES = YES;
				CODE_SIGN_ENTITLEMENTS = investHR/investHR.entitlements;
				DEFINES_MODULE = YES;
				DEVELOPMENT_TEAM = Y56BAH343T;
				FRAMEWORK_SEARCH_PATHS = (
					"$(inherited)",
					"$(PROJECT_DIR)/investHR/Libraries/LinkedIn",
				);
				INFOPLIST_FILE = investHR/Info.plist;
				IPHONEOS_DEPLOYMENT_TARGET = 10.0;
				LD_RUNPATH_SEARCH_PATHS = "$(inherited) @executable_path/Frameworks";
				PRODUCT_BUNDLE_IDENTIFIER = com.xanadutec.investHR;
				PRODUCT_NAME = "$(TARGET_NAME)";
				SWIFT_OBJC_BRIDGING_HEADER = "investHR/investHR-Bridging-Header.h";
				SWIFT_OPTIMIZATION_LEVEL = "-Onone";
				SWIFT_VERSION = 3.0;
			};
			name = Debug;
		};
		8493B85A1EC4678300D8F7F9 /* Release */ = {
			isa = XCBuildConfiguration;
			baseConfigurationReference = BF1F6F4D1CE0CCB272F213F1 /* Pods-investHR.release.xcconfig */;
			buildSettings = {
				ASSETCATALOG_COMPILER_APPICON_NAME = AppIcon;
				CLANG_ENABLE_MODULES = YES;
				CODE_SIGN_ENTITLEMENTS = investHR/investHR.entitlements;
				DEFINES_MODULE = YES;
				DEVELOPMENT_TEAM = Y56BAH343T;
				FRAMEWORK_SEARCH_PATHS = (
					"$(inherited)",
					"$(PROJECT_DIR)/investHR/Libraries/LinkedIn",
				);
				INFOPLIST_FILE = investHR/Info.plist;
				IPHONEOS_DEPLOYMENT_TARGET = 10.0;
				LD_RUNPATH_SEARCH_PATHS = "$(inherited) @executable_path/Frameworks";
				PRODUCT_BUNDLE_IDENTIFIER = com.xanadutec.investHR;
				PRODUCT_NAME = "$(TARGET_NAME)";
				SWIFT_OBJC_BRIDGING_HEADER = "investHR/investHR-Bridging-Header.h";
				SWIFT_VERSION = 3.0;
			};
			name = Release;
		};
		8493B85C1EC4678300D8F7F9 /* Debug */ = {
			isa = XCBuildConfiguration;
			baseConfigurationReference = 090579246A9D10601667A174 /* Pods-investHRTests.debug.xcconfig */;
			buildSettings = {
				ALWAYS_EMBED_SWIFT_STANDARD_LIBRARIES = YES;
				BUNDLE_LOADER = "$(TEST_HOST)";
				DEVELOPMENT_TEAM = Y56BAH343T;
				INFOPLIST_FILE = investHRTests/Info.plist;
				LD_RUNPATH_SEARCH_PATHS = "$(inherited) @executable_path/Frameworks @loader_path/Frameworks";
				PRODUCT_BUNDLE_IDENTIFIER = com.xanadutec.investHRTests;
				PRODUCT_NAME = "$(TARGET_NAME)";
				SWIFT_VERSION = 3.0;
				TEST_HOST = "$(BUILT_PRODUCTS_DIR)/investHR.app/investHR";
			};
			name = Debug;
		};
		8493B85D1EC4678300D8F7F9 /* Release */ = {
			isa = XCBuildConfiguration;
			baseConfigurationReference = B46ECC2453C6493610B27C31 /* Pods-investHRTests.release.xcconfig */;
			buildSettings = {
				ALWAYS_EMBED_SWIFT_STANDARD_LIBRARIES = YES;
				BUNDLE_LOADER = "$(TEST_HOST)";
				DEVELOPMENT_TEAM = Y56BAH343T;
				INFOPLIST_FILE = investHRTests/Info.plist;
				LD_RUNPATH_SEARCH_PATHS = "$(inherited) @executable_path/Frameworks @loader_path/Frameworks";
				PRODUCT_BUNDLE_IDENTIFIER = com.xanadutec.investHRTests;
				PRODUCT_NAME = "$(TARGET_NAME)";
				SWIFT_VERSION = 3.0;
				TEST_HOST = "$(BUILT_PRODUCTS_DIR)/investHR.app/investHR";
			};
			name = Release;
		};
		8493B85F1EC4678300D8F7F9 /* Debug */ = {
			isa = XCBuildConfiguration;
			baseConfigurationReference = 7EB4DA99D60A83D450E70BF7 /* Pods-investHRUITests.debug.xcconfig */;
			buildSettings = {
				ALWAYS_EMBED_SWIFT_STANDARD_LIBRARIES = YES;
				DEVELOPMENT_TEAM = Y56BAH343T;
				INFOPLIST_FILE = investHRUITests/Info.plist;
				LD_RUNPATH_SEARCH_PATHS = "$(inherited) @executable_path/Frameworks @loader_path/Frameworks";
				PRODUCT_BUNDLE_IDENTIFIER = com.xanadutec.investHRUITests;
				PRODUCT_NAME = "$(TARGET_NAME)";
				SWIFT_VERSION = 3.0;
				TEST_TARGET_NAME = investHR;
			};
			name = Debug;
		};
		8493B8601EC4678300D8F7F9 /* Release */ = {
			isa = XCBuildConfiguration;
			baseConfigurationReference = 33A1F246F586B35A47C60808 /* Pods-investHRUITests.release.xcconfig */;
			buildSettings = {
				ALWAYS_EMBED_SWIFT_STANDARD_LIBRARIES = YES;
				DEVELOPMENT_TEAM = Y56BAH343T;
				INFOPLIST_FILE = investHRUITests/Info.plist;
				LD_RUNPATH_SEARCH_PATHS = "$(inherited) @executable_path/Frameworks @loader_path/Frameworks";
				PRODUCT_BUNDLE_IDENTIFIER = com.xanadutec.investHRUITests;
				PRODUCT_NAME = "$(TARGET_NAME)";
				SWIFT_VERSION = 3.0;
				TEST_TARGET_NAME = investHR;
			};
			name = Release;
		};
/* End XCBuildConfiguration section */

/* Begin XCConfigurationList section */
		8493B8281EC4678200D8F7F9 /* Build configuration list for PBXProject "investHR" */ = {
			isa = XCConfigurationList;
			buildConfigurations = (
				8493B8561EC4678300D8F7F9 /* Debug */,
				8493B8571EC4678300D8F7F9 /* Release */,
			);
			defaultConfigurationIsVisible = 0;
			defaultConfigurationName = Release;
		};
		8493B8581EC4678300D8F7F9 /* Build configuration list for PBXNativeTarget "investHR" */ = {
			isa = XCConfigurationList;
			buildConfigurations = (
				8493B8591EC4678300D8F7F9 /* Debug */,
				8493B85A1EC4678300D8F7F9 /* Release */,
			);
			defaultConfigurationIsVisible = 0;
			defaultConfigurationName = Release;
		};
		8493B85B1EC4678300D8F7F9 /* Build configuration list for PBXNativeTarget "investHRTests" */ = {
			isa = XCConfigurationList;
			buildConfigurations = (
				8493B85C1EC4678300D8F7F9 /* Debug */,
				8493B85D1EC4678300D8F7F9 /* Release */,
			);
			defaultConfigurationIsVisible = 0;
			defaultConfigurationName = Release;
		};
		8493B85E1EC4678300D8F7F9 /* Build configuration list for PBXNativeTarget "investHRUITests" */ = {
			isa = XCConfigurationList;
			buildConfigurations = (
				8493B85F1EC4678300D8F7F9 /* Debug */,
				8493B8601EC4678300D8F7F9 /* Release */,
			);
			defaultConfigurationIsVisible = 0;
			defaultConfigurationName = Release;
		};
/* End XCConfigurationList section */

/* Begin XCVersionGroup section */
		8431B5C01EEFE2A80015C7E1 /* CoreDataDemo.xcdatamodeld */ = {
			isa = XCVersionGroup;
			children = (
				8431B5C11EEFE2A80015C7E1 /* CoreDataDemo.xcdatamodel */,
			);
			currentVersion = 8431B5C11EEFE2A80015C7E1 /* CoreDataDemo.xcdatamodel */;
			path = CoreDataDemo.xcdatamodeld;
			sourceTree = "<group>";
			versionGroupType = wrapper.xcdatamodel;
		};
		84AD18371EF000140049675A /* investHR.xcdatamodeld */ = {
			isa = XCVersionGroup;
			children = (
				84AD18381EF000140049675A /* investHR.xcdatamodel */,
			);
			currentVersion = 84AD18381EF000140049675A /* investHR.xcdatamodel */;
			path = investHR.xcdatamodeld;
			sourceTree = "<group>";
			versionGroupType = wrapper.xcdatamodel;
		};
/* End XCVersionGroup section */
	};
	rootObject = 8493B8251EC4678200D8F7F9 /* Project object */;
}
